
Microsoft Visual Studio Solution File, Format Version 12.00
# Visual Studio 15
VisualStudioVersion = 15.0.27428.2043
MinimumVisualStudioVersion = 10.0.40219.1
Project("{FAE04EC0-301F-11D3-BF4B-00C04F79EFBC}") = "MarkdownToDocx", "MarkdownToDocx\MarkdownToDocx.csproj", "{9935B3E0-4B5E-4C6C-86F8-2F90145D6261}"
EndProject
Global
	GlobalSection(SolutionConfigurationPlatforms) = preSolution
		Debug|Any CPU = Debug|Any CPU
		Release|Any CPU = Release|Any CPU
	EndGlobalSection
	GlobalSection(ProjectConfigurationPlatforms) = postSolution
		{9935B3E0-4B5E-4C6C-86F8-2F90145D6261}.Debug|Any CPU.ActiveCfg = Debug|Any CPU
		{9935B3E0-4B5E-4C6C-86F8-2F90145D6261}.Debug|Any CPU.Build.0 = Debug|Any CPU
		{9935B3E0-4B5E-4C6C-86F8-2F90145D6261}.Release|Any CPU.ActiveCfg = Release|Any CPU
		{9935B3E0-4B5E-4C6C-86F8-2F90145D6261}.Release|Any CPU.Build.0 = Release|Any CPU
	EndGlobalSection
	GlobalSection(SolutionProperties) = preSolution
		HideSolutionNode = FALSE
	EndGlobalSection
	GlobalSection(ExtensibilityGlobals) = postSolution
		SolutionGuid = {AF93E7B2-E327-4BC8-8895-CD2EDE9FB78B}
	EndGlobalSection
EndGlobal
